
Microsoft Visual Studio Solution File, Format Version 12.00
# Visual Studio 15
VisualStudioVersion = 15.0.28307.438
MinimumVisualStudioVersion = 10.0.40219.1
Project("{FAE04EC0-301F-11D3-BF4B-00C04F79EFBC}") = "ModeladoLibreria", "ModeladoLibreria\ModeladoLibreria.csproj", "{5ECD73C2-4045-42DB-BFF8-5533F86486FD}"
EndProject
Global
	GlobalSection(SolutionConfigurationPlatforms) = preSolution
		Debug|Any CPU = Debug|Any CPU
		Release|Any CPU = Release|Any CPU
	EndGlobalSection
	GlobalSection(ProjectConfigurationPlatforms) = postSolution
		{5ECD73C2-4045-42DB-BFF8-5533F86486FD}.Debug|Any CPU.ActiveCfg = Debug|Any CPU
		{5ECD73C2-4045-42DB-BFF8-5533F86486FD}.Debug|Any CPU.Build.0 = Debug|Any CPU
		{5ECD73C2-4045-42DB-BFF8-5533F86486FD}.Release|Any CPU.ActiveCfg = Release|Any CPU
		{5ECD73C2-4045-42DB-BFF8-5533F86486FD}.Release|Any CPU.Build.0 = Release|Any CPU
	EndGlobalSection
	GlobalSection(SolutionProperties) = preSolution
		HideSolutionNode = FALSE
	EndGlobalSection
	GlobalSection(ExtensibilityGlobals) = postSolution
		SolutionGuid = {7D3398EA-CBEA-43E3-83BE-5B139E88BBF0}
	EndGlobalSection
EndGlobal
